
Microsoft Visual Studio Solution File, Format Version 12.00
# Visual Studio Version 17
VisualStudioVersion = 17.0.31903.59
MinimumVisualStudioVersion = 10.0.40219.1
Project("{FAE04EC0-301F-11D3-BF4B-00C04F79EFBC}") = "InRiseService.Presentation", "InRiseService.Presentation\InRiseService.Presentation.csproj", "{CDF41EC1-D81E-4601-9056-7A9B7D94A341}"
EndProject
Project("{FAE04EC0-301F-11D3-BF4B-00C04F79EFBC}") = "InRiseService.Application", "InRiseService.Application\InRiseService.Application.csproj", "{147B1CFA-787F-4F9D-BAEF-60F039177B4B}"
EndProject
Project("{FAE04EC0-301F-11D3-BF4B-00C04F79EFBC}") = "InRiseService.Domain", "InRiseService.Domain\InRiseService.Domain.csproj", "{0C310111-5930-4CFB-91D0-793EB51EE8F5}"
EndProject
Project("{FAE04EC0-301F-11D3-BF4B-00C04F79EFBC}") = "InRiseService.Infrastructure", "InRiseService.Infrastructure\InRiseService.Infrastructure.csproj", "{AD88E21E-472C-4908-B615-7CFDA5342BE3}"
EndProject
Global
	GlobalSection(SolutionConfigurationPlatforms) = preSolution
		Debug|Any CPU = Debug|Any CPU
		Release|Any CPU = Release|Any CPU
	EndGlobalSection
	GlobalSection(SolutionProperties) = preSolution
		HideSolutionNode = FALSE
	EndGlobalSection
	GlobalSection(ProjectConfigurationPlatforms) = postSolution
		{CDF41EC1-D81E-4601-9056-7A9B7D94A341}.Debug|Any CPU.ActiveCfg = Debug|Any CPU
		{CDF41EC1-D81E-4601-9056-7A9B7D94A341}.Debug|Any CPU.Build.0 = Debug|Any CPU
		{CDF41EC1-D81E-4601-9056-7A9B7D94A341}.Release|Any CPU.ActiveCfg = Release|Any CPU
		{CDF41EC1-D81E-4601-9056-7A9B7D94A341}.Release|Any CPU.Build.0 = Release|Any CPU
		{147B1CFA-787F-4F9D-BAEF-60F039177B4B}.Debug|Any CPU.ActiveCfg = Debug|Any CPU
		{147B1CFA-787F-4F9D-BAEF-60F039177B4B}.Debug|Any CPU.Build.0 = Debug|Any CPU
		{147B1CFA-787F-4F9D-BAEF-60F039177B4B}.Release|Any CPU.ActiveCfg = Release|Any CPU
		{147B1CFA-787F-4F9D-BAEF-60F039177B4B}.Release|Any CPU.Build.0 = Release|Any CPU
		{0C310111-5930-4CFB-91D0-793EB51EE8F5}.Debug|Any CPU.ActiveCfg = Debug|Any CPU
		{0C310111-5930-4CFB-91D0-793EB51EE8F5}.Debug|Any CPU.Build.0 = Debug|Any CPU
		{0C310111-5930-4CFB-91D0-793EB51EE8F5}.Release|Any CPU.ActiveCfg = Release|Any CPU
		{0C310111-5930-4CFB-91D0-793EB51EE8F5}.Release|Any CPU.Build.0 = Release|Any CPU
		{AD88E21E-472C-4908-B615-7CFDA5342BE3}.Debug|Any CPU.ActiveCfg = Debug|Any CPU
		{AD88E21E-472C-4908-B615-7CFDA5342BE3}.Debug|Any CPU.Build.0 = Debug|Any CPU
		{AD88E21E-472C-4908-B615-7CFDA5342BE3}.Release|Any CPU.ActiveCfg = Release|Any CPU
		{AD88E21E-472C-4908-B615-7CFDA5342BE3}.Release|Any CPU.Build.0 = Release|Any CPU
	EndGlobalSection
EndGlobal
